
Microsoft Visual Studio Solution File, Format Version 12.00
# Visual Studio Version 16
VisualStudioVersion = 16.0.31321.278
MinimumVisualStudioVersion = 10.0.40219.1
Project("{FAE04EC0-301F-11D3-BF4B-00C04F79EFBC}") = "SalesWeb", "SalesWeb\SalesWeb.csproj", "{C207BEEE-DD88-4F93-8753-444B12C09DFB}"
EndProject
Global
	GlobalSection(SolutionConfigurationPlatforms) = preSolution
		Debug|Any CPU = Debug|Any CPU
		Release|Any CPU = Release|Any CPU
	EndGlobalSection
	GlobalSection(ProjectConfigurationPlatforms) = postSolution
		{C207BEEE-DD88-4F93-8753-444B12C09DFB}.Debug|Any CPU.ActiveCfg = Debug|Any CPU
		{C207BEEE-DD88-4F93-8753-444B12C09DFB}.Debug|Any CPU.Build.0 = Debug|Any CPU
		{C207BEEE-DD88-4F93-8753-444B12C09DFB}.Release|Any CPU.ActiveCfg = Release|Any CPU
		{C207BEEE-DD88-4F93-8753-444B12C09DFB}.Release|Any CPU.Build.0 = Release|Any CPU
	EndGlobalSection
	GlobalSection(SolutionProperties) = preSolution
		HideSolutionNode = FALSE
	EndGlobalSection
	GlobalSection(ExtensibilityGlobals) = postSolution
		SolutionGuid = {BBDB50DF-DB8E-488C-A343-E4D7776F0BB2}
	EndGlobalSection
EndGlobal
